
Microsoft Visual Studio Solution File, Format Version 12.00
# Visual Studio 15
VisualStudioVersion = 15.0.28010.2036
MinimumVisualStudioVersion = 10.0.40219.1
Project("{FAE04EC0-301F-11D3-BF4B-00C04F79EFBC}") = "FizzBuzz", "FizzBuzz\FizzBuzz.csproj", "{5631B2EA-97D6-4B58-BCB0-1BEB2BF747F9}"
EndProject
Global
	GlobalSection(SolutionConfigurationPlatforms) = preSolution
		Debug|Any CPU = Debug|Any CPU
		Release|Any CPU = Release|Any CPU
	EndGlobalSection
	GlobalSection(ProjectConfigurationPlatforms) = postSolution
		{5631B2EA-97D6-4B58-BCB0-1BEB2BF747F9}.Debug|Any CPU.ActiveCfg = Debug|Any CPU
		{5631B2EA-97D6-4B58-BCB0-1BEB2BF747F9}.Debug|Any CPU.Build.0 = Debug|Any CPU
		{5631B2EA-97D6-4B58-BCB0-1BEB2BF747F9}.Release|Any CPU.ActiveCfg = Release|Any CPU
		{5631B2EA-97D6-4B58-BCB0-1BEB2BF747F9}.Release|Any CPU.Build.0 = Release|Any CPU
	EndGlobalSection
	GlobalSection(SolutionProperties) = preSolution
		HideSolutionNode = FALSE
	EndGlobalSection
	GlobalSection(ExtensibilityGlobals) = postSolution
		SolutionGuid = {A56AE26D-D183-4686-A3C1-61DAD567C8A5}
	EndGlobalSection
EndGlobal
