
Microsoft Visual Studio Solution File, Format Version 12.00
# Visual Studio 15
VisualStudioVersion = 15.0.28010.2036
MinimumVisualStudioVersion = 10.0.40219.1
Project("{FAE04EC0-301F-11D3-BF4B-00C04F79EFBC}") = "BinarySearch", "BinarySearch\BinarySearch.csproj", "{B0E8ED2B-6212-41FA-B960-8C34AA6A2293}"
EndProject
Global
	GlobalSection(SolutionConfigurationPlatforms) = preSolution
		Debug|Any CPU = Debug|Any CPU
		Release|Any CPU = Release|Any CPU
	EndGlobalSection
	GlobalSection(ProjectConfigurationPlatforms) = postSolution
		{B0E8ED2B-6212-41FA-B960-8C34AA6A2293}.Debug|Any CPU.ActiveCfg = Debug|Any CPU
		{B0E8ED2B-6212-41FA-B960-8C34AA6A2293}.Debug|Any CPU.Build.0 = Debug|Any CPU
		{B0E8ED2B-6212-41FA-B960-8C34AA6A2293}.Release|Any CPU.ActiveCfg = Release|Any CPU
		{B0E8ED2B-6212-41FA-B960-8C34AA6A2293}.Release|Any CPU.Build.0 = Release|Any CPU
	EndGlobalSection
	GlobalSection(SolutionProperties) = preSolution
		HideSolutionNode = FALSE
	EndGlobalSection
	GlobalSection(ExtensibilityGlobals) = postSolution
		SolutionGuid = {1F118D14-31CA-412B-B615-84E839684DC1}
	EndGlobalSection
EndGlobal
