
Microsoft Visual Studio Solution File, Format Version 12.00
# Visual Studio 15
VisualStudioVersion = 15.0.28010.2036
MinimumVisualStudioVersion = 10.0.40219.1
Project("{FAE04EC0-301F-11D3-BF4B-00C04F79EFBC}") = "RepeatedWord", "RepeatedWord\RepeatedWord.csproj", "{4A761B28-3176-49E8-BF7C-6724BDB6775F}"
EndProject
Global
	GlobalSection(SolutionConfigurationPlatforms) = preSolution
		Debug|Any CPU = Debug|Any CPU
		Release|Any CPU = Release|Any CPU
	EndGlobalSection
	GlobalSection(ProjectConfigurationPlatforms) = postSolution
		{4A761B28-3176-49E8-BF7C-6724BDB6775F}.Debug|Any CPU.ActiveCfg = Debug|Any CPU
		{4A761B28-3176-49E8-BF7C-6724BDB6775F}.Debug|Any CPU.Build.0 = Debug|Any CPU
		{4A761B28-3176-49E8-BF7C-6724BDB6775F}.Release|Any CPU.ActiveCfg = Release|Any CPU
		{4A761B28-3176-49E8-BF7C-6724BDB6775F}.Release|Any CPU.Build.0 = Release|Any CPU
	EndGlobalSection
	GlobalSection(SolutionProperties) = preSolution
		HideSolutionNode = FALSE
	EndGlobalSection
	GlobalSection(ExtensibilityGlobals) = postSolution
		SolutionGuid = {DFE32ECC-834F-4115-863B-4923357375B6}
	EndGlobalSection
EndGlobal
