
Microsoft Visual Studio Solution File, Format Version 12.00
# Visual Studio 15
VisualStudioVersion = 15.0.28010.2036
MinimumVisualStudioVersion = 10.0.40219.1
Project("{FAE04EC0-301F-11D3-BF4B-00C04F79EFBC}") = "BinaryTree", "BinaryTree\BinaryTree.csproj", "{597A5178-7E5B-4334-B9A3-0FC508FFC744}"
EndProject
Global
	GlobalSection(SolutionConfigurationPlatforms) = preSolution
		Debug|Any CPU = Debug|Any CPU
		Release|Any CPU = Release|Any CPU
	EndGlobalSection
	GlobalSection(ProjectConfigurationPlatforms) = postSolution
		{597A5178-7E5B-4334-B9A3-0FC508FFC744}.Debug|Any CPU.ActiveCfg = Debug|Any CPU
		{597A5178-7E5B-4334-B9A3-0FC508FFC744}.Debug|Any CPU.Build.0 = Debug|Any CPU
		{597A5178-7E5B-4334-B9A3-0FC508FFC744}.Release|Any CPU.ActiveCfg = Release|Any CPU
		{597A5178-7E5B-4334-B9A3-0FC508FFC744}.Release|Any CPU.Build.0 = Release|Any CPU
	EndGlobalSection
	GlobalSection(SolutionProperties) = preSolution
		HideSolutionNode = FALSE
	EndGlobalSection
	GlobalSection(ExtensibilityGlobals) = postSolution
		SolutionGuid = {C1FCDAD2-6B30-4B3F-9CCC-43118EBCC745}
	EndGlobalSection
EndGlobal
