
Microsoft Visual Studio Solution File, Format Version 12.00
# Visual Studio 15
VisualStudioVersion = 15.0.28010.2036
MinimumVisualStudioVersion = 10.0.40219.1
Project("{FAE04EC0-301F-11D3-BF4B-00C04F79EFBC}") = "BreadthFirstTraversal", "BreadthFirstTraversal\BreadthFirstTraversal.csproj", "{1E9811C8-6B61-4DBE-9A0C-F96A573BF323}"
EndProject
Global
	GlobalSection(SolutionConfigurationPlatforms) = preSolution
		Debug|Any CPU = Debug|Any CPU
		Release|Any CPU = Release|Any CPU
	EndGlobalSection
	GlobalSection(ProjectConfigurationPlatforms) = postSolution
		{1E9811C8-6B61-4DBE-9A0C-F96A573BF323}.Debug|Any CPU.ActiveCfg = Debug|Any CPU
		{1E9811C8-6B61-4DBE-9A0C-F96A573BF323}.Debug|Any CPU.Build.0 = Debug|Any CPU
		{1E9811C8-6B61-4DBE-9A0C-F96A573BF323}.Release|Any CPU.ActiveCfg = Release|Any CPU
		{1E9811C8-6B61-4DBE-9A0C-F96A573BF323}.Release|Any CPU.Build.0 = Release|Any CPU
	EndGlobalSection
	GlobalSection(SolutionProperties) = preSolution
		HideSolutionNode = FALSE
	EndGlobalSection
	GlobalSection(ExtensibilityGlobals) = postSolution
		SolutionGuid = {730BA584-9F29-4956-A58D-347CB7184F20}
	EndGlobalSection
EndGlobal
