
Microsoft Visual Studio Solution File, Format Version 12.00
# Visual Studio 15
VisualStudioVersion = 15.0.28010.2036
MinimumVisualStudioVersion = 10.0.40219.1
Project("{FAE04EC0-301F-11D3-BF4B-00C04F79EFBC}") = "PrintGrid", "PrintGrid\PrintGrid.csproj", "{B17D5D5D-2A4F-429F-BCA6-0A5A42C3268C}"
EndProject
Global
	GlobalSection(SolutionConfigurationPlatforms) = preSolution
		Debug|Any CPU = Debug|Any CPU
		Release|Any CPU = Release|Any CPU
	EndGlobalSection
	GlobalSection(ProjectConfigurationPlatforms) = postSolution
		{B17D5D5D-2A4F-429F-BCA6-0A5A42C3268C}.Debug|Any CPU.ActiveCfg = Debug|Any CPU
		{B17D5D5D-2A4F-429F-BCA6-0A5A42C3268C}.Debug|Any CPU.Build.0 = Debug|Any CPU
		{B17D5D5D-2A4F-429F-BCA6-0A5A42C3268C}.Release|Any CPU.ActiveCfg = Release|Any CPU
		{B17D5D5D-2A4F-429F-BCA6-0A5A42C3268C}.Release|Any CPU.Build.0 = Release|Any CPU
	EndGlobalSection
	GlobalSection(SolutionProperties) = preSolution
		HideSolutionNode = FALSE
	EndGlobalSection
	GlobalSection(ExtensibilityGlobals) = postSolution
		SolutionGuid = {7C29D711-71F4-4061-A8EC-532E9EC1C262}
	EndGlobalSection
EndGlobal
